
Microsoft Visual Studio Solution File, Format Version 12.00
# Visual Studio Version 17
VisualStudioVersion = 17.5.33516.290
MinimumVisualStudioVersion = 10.0.40219.1
Project("{FAE04EC0-301F-11D3-BF4B-00C04F79EFBC}") = "beecrowd_1143", "beecrowd_1143\beecrowd_1143.csproj", "{B3B32826-1581-49C7-BCA6-CE320A655AF3}"
EndProject
Global
	GlobalSection(SolutionConfigurationPlatforms) = preSolution
		Debug|Any CPU = Debug|Any CPU
		Release|Any CPU = Release|Any CPU
	EndGlobalSection
	GlobalSection(ProjectConfigurationPlatforms) = postSolution
		{B3B32826-1581-49C7-BCA6-CE320A655AF3}.Debug|Any CPU.ActiveCfg = Debug|Any CPU
		{B3B32826-1581-49C7-BCA6-CE320A655AF3}.Debug|Any CPU.Build.0 = Debug|Any CPU
		{B3B32826-1581-49C7-BCA6-CE320A655AF3}.Release|Any CPU.ActiveCfg = Release|Any CPU
		{B3B32826-1581-49C7-BCA6-CE320A655AF3}.Release|Any CPU.Build.0 = Release|Any CPU
	EndGlobalSection
	GlobalSection(SolutionProperties) = preSolution
		HideSolutionNode = FALSE
	EndGlobalSection
	GlobalSection(ExtensibilityGlobals) = postSolution
		SolutionGuid = {E0C48883-4D81-4CA6-A8C8-CFF10DC126A1}
	EndGlobalSection
EndGlobal
