
Microsoft Visual Studio Solution File, Format Version 12.00
# Visual Studio Version 17
VisualStudioVersion = 17.5.33516.290
MinimumVisualStudioVersion = 10.0.40219.1
Project("{FAE04EC0-301F-11D3-BF4B-00C04F79EFBC}") = "beecrowd_1157", "beecrowd_1157\beecrowd_1157.csproj", "{CFCDBD5B-FA9F-4F54-8A77-26A8A357A2D7}"
EndProject
Global
	GlobalSection(SolutionConfigurationPlatforms) = preSolution
		Debug|Any CPU = Debug|Any CPU
		Release|Any CPU = Release|Any CPU
	EndGlobalSection
	GlobalSection(ProjectConfigurationPlatforms) = postSolution
		{CFCDBD5B-FA9F-4F54-8A77-26A8A357A2D7}.Debug|Any CPU.ActiveCfg = Debug|Any CPU
		{CFCDBD5B-FA9F-4F54-8A77-26A8A357A2D7}.Debug|Any CPU.Build.0 = Debug|Any CPU
		{CFCDBD5B-FA9F-4F54-8A77-26A8A357A2D7}.Release|Any CPU.ActiveCfg = Release|Any CPU
		{CFCDBD5B-FA9F-4F54-8A77-26A8A357A2D7}.Release|Any CPU.Build.0 = Release|Any CPU
	EndGlobalSection
	GlobalSection(SolutionProperties) = preSolution
		HideSolutionNode = FALSE
	EndGlobalSection
	GlobalSection(ExtensibilityGlobals) = postSolution
		SolutionGuid = {6E890468-8A1C-4D90-BD4D-FC41716AE796}
	EndGlobalSection
EndGlobal
